
Microsoft Visual Studio Solution File, Format Version 12.00
# Visual Studio Version 16
VisualStudioVersion = 16.0.31515.178
MinimumVisualStudioVersion = 10.0.40219.1
Project("{FAE04EC0-301F-11D3-BF4B-00C04F79EFBC}") = "TRMD_LAB3_WinForms", "TRMD_LAB3_WinForms\TRMD_LAB3_WinForms.csproj", "{389096FB-F7D0-488C-9861-1B6E5193DE13}"
EndProject
Global
	GlobalSection(SolutionConfigurationPlatforms) = preSolution
		Debug|Any CPU = Debug|Any CPU
		Release|Any CPU = Release|Any CPU
	EndGlobalSection
	GlobalSection(ProjectConfigurationPlatforms) = postSolution
		{389096FB-F7D0-488C-9861-1B6E5193DE13}.Debug|Any CPU.ActiveCfg = Debug|Any CPU
		{389096FB-F7D0-488C-9861-1B6E5193DE13}.Debug|Any CPU.Build.0 = Debug|Any CPU
		{389096FB-F7D0-488C-9861-1B6E5193DE13}.Release|Any CPU.ActiveCfg = Release|Any CPU
		{389096FB-F7D0-488C-9861-1B6E5193DE13}.Release|Any CPU.Build.0 = Release|Any CPU
	EndGlobalSection
	GlobalSection(SolutionProperties) = preSolution
		HideSolutionNode = FALSE
	EndGlobalSection
	GlobalSection(ExtensibilityGlobals) = postSolution
		SolutionGuid = {683C76D8-DD01-4F6E-8EA3-700CBEBFE9FE}
	EndGlobalSection
EndGlobal
